// !$*UTF8*$!
{
	archiveVersion = 1;
	classes = {
	};
	objectVersion = 46;
	objects = {

/* Begin PBXBuildFile section */
		607FACD61AFB9204008FA782 /* AppDelegate.swift in Sources */ = {isa = PBXBuildFile; fileRef = 607FACD51AFB9204008FA782 /* AppDelegate.swift */; };
		607FACD81AFB9204008FA782 /* ViewController.swift in Sources */ = {isa = PBXBuildFile; fileRef = 607FACD71AFB9204008FA782 /* ViewController.swift */; };
		607FACDB1AFB9204008FA782 /* Main.storyboard in Resources */ = {isa = PBXBuildFile; fileRef = 607FACD91AFB9204008FA782 /* Main.storyboard */; };
		607FACDD1AFB9204008FA782 /* Images.xcassets in Resources */ = {isa = PBXBuildFile; fileRef = 607FACDC1AFB9204008FA782 /* Images.xcassets */; };
		607FACE01AFB9204008FA782 /* LaunchScreen.xib in Resources */ = {isa = PBXBuildFile; fileRef = 607FACDE1AFB9204008FA782 /* LaunchScreen.xib */; };
		74C5958F8B641FD5F0A4DA83 /* Pods_ViscoveryADSDKTests.framework in Frameworks */ = {isa = PBXBuildFile; fileRef = B9BD53FC69E8059A48572CD9 /* Pods_ViscoveryADSDKTests.framework */; };
		8D0615BA1ED6CE0D006444DC /* Tests.swift in Sources */ = {isa = PBXBuildFile; fileRef = 8D0615B91ED6CE0D006444DC /* Tests.swift */; };
		8D0615C31ED6CEEB006444DC /* ViscoveryADSDKTests.swift in Sources */ = {isa = PBXBuildFile; fileRef = 8D0615C21ED6CEEB006444DC /* ViscoveryADSDKTests.swift */; };
		8D0615CB1ED6CF70006444DC /* Sample.xml in Resources */ = {isa = PBXBuildFile; fileRef = 8D0615CA1ED6CF70006444DC /* Sample.xml */; };
		8DC0C2461ECEFA6E00ED0BE0 /* VideoView.swift in Sources */ = {isa = PBXBuildFile; fileRef = 8DC0C2451ECEFA6E00ED0BE0 /* VideoView.swift */; };
		EFFF3F21EB70B6832EF4557D /* Pods_ViscoveryADSDK_Example.framework in Frameworks */ = {isa = PBXBuildFile; fileRef = 6B82532E0B417467F6E6C841 /* Pods_ViscoveryADSDK_Example.framework */; };
/* End PBXBuildFile section */

/* Begin PBXContainerItemProxy section */
		8D0615C51ED6CEEB006444DC /* PBXContainerItemProxy */ = {
			isa = PBXContainerItemProxy;
			containerPortal = 607FACC81AFB9204008FA782 /* Project object */;
			proxyType = 1;
			remoteGlobalIDString = 607FACCF1AFB9204008FA782;
			remoteInfo = ViscoveryADSDK_Example;
		};
/* End PBXContainerItemProxy section */

/* Begin PBXFileReference section */
		038BE0E1BCBA357ED9964B8F /* Pods-ViscoveryADSDKTests.release.xcconfig */ = {isa = PBXFileReference; includeInIndex = 1; lastKnownFileType = text.xcconfig; name = "Pods-ViscoveryADSDKTests.release.xcconfig"; path = "Pods/Target Support Files/Pods-ViscoveryADSDKTests/Pods-ViscoveryADSDKTests.release.xcconfig"; sourceTree = "<group>"; };
		2F2385FED0B6C245A610C7A8 /* Pods-ViscoveryADSDK_Example.release.xcconfig */ = {isa = PBXFileReference; includeInIndex = 1; lastKnownFileType = text.xcconfig; name = "Pods-ViscoveryADSDK_Example.release.xcconfig"; path = "Pods/Target Support Files/Pods-ViscoveryADSDK_Example/Pods-ViscoveryADSDK_Example.release.xcconfig"; sourceTree = "<group>"; };
		3C90242318A3BB136315CEF4 /* README.md */ = {isa = PBXFileReference; includeInIndex = 1; lastKnownFileType = net.daringfireball.markdown; name = README.md; path = ../README.md; sourceTree = "<group>"; };
		5E2F4B4FB8486F4440FD115D /* Pods-ViscoveryADSDKTests.debug.xcconfig */ = {isa = PBXFileReference; includeInIndex = 1; lastKnownFileType = text.xcconfig; name = "Pods-ViscoveryADSDKTests.debug.xcconfig"; path = "Pods/Target Support Files/Pods-ViscoveryADSDKTests/Pods-ViscoveryADSDKTests.debug.xcconfig"; sourceTree = "<group>"; };
		607FACD01AFB9204008FA782 /* ViscoveryADSDK_Example.app */ = {isa = PBXFileReference; explicitFileType = wrapper.application; includeInIndex = 0; path = ViscoveryADSDK_Example.app; sourceTree = BUILT_PRODUCTS_DIR; };
		607FACD41AFB9204008FA782 /* Info.plist */ = {isa = PBXFileReference; lastKnownFileType = text.plist.xml; path = Info.plist; sourceTree = "<group>"; };
		607FACD51AFB9204008FA782 /* AppDelegate.swift */ = {isa = PBXFileReference; lastKnownFileType = sourcecode.swift; path = AppDelegate.swift; sourceTree = "<group>"; };
		607FACD71AFB9204008FA782 /* ViewController.swift */ = {isa = PBXFileReference; lastKnownFileType = sourcecode.swift; path = ViewController.swift; sourceTree = "<group>"; };
		607FACDA1AFB9204008FA782 /* Base */ = {isa = PBXFileReference; lastKnownFileType = file.storyboard; name = Base; path = Base.lproj/Main.storyboard; sourceTree = "<group>"; };
		607FACDC1AFB9204008FA782 /* Images.xcassets */ = {isa = PBXFileReference; lastKnownFileType = folder.assetcatalog; path = Images.xcassets; sourceTree = "<group>"; };
		607FACDF1AFB9204008FA782 /* Base */ = {isa = PBXFileReference; lastKnownFileType = file.xib; name = Base; path = Base.lproj/LaunchScreen.xib; sourceTree = "<group>"; };
		607FACEA1AFB9204008FA782 /* Info.plist */ = {isa = PBXFileReference; lastKnownFileType = text.plist.xml; path = Info.plist; sourceTree = "<group>"; };
		6B82532E0B417467F6E6C841 /* Pods_ViscoveryADSDK_Example.framework */ = {isa = PBXFileReference; explicitFileType = wrapper.framework; includeInIndex = 0; path = Pods_ViscoveryADSDK_Example.framework; sourceTree = BUILT_PRODUCTS_DIR; };
		8D0615B91ED6CE0D006444DC /* Tests.swift */ = {isa = PBXFileReference; fileEncoding = 4; lastKnownFileType = sourcecode.swift; path = Tests.swift; sourceTree = "<group>"; };
		8D0615C01ED6CEEB006444DC /* ViscoveryADSDKTests.xctest */ = {isa = PBXFileReference; explicitFileType = wrapper.cfbundle; includeInIndex = 0; path = ViscoveryADSDKTests.xctest; sourceTree = BUILT_PRODUCTS_DIR; };
		8D0615C21ED6CEEB006444DC /* ViscoveryADSDKTests.swift */ = {isa = PBXFileReference; lastKnownFileType = sourcecode.swift; path = ViscoveryADSDKTests.swift; sourceTree = "<group>"; };
		8D0615C41ED6CEEB006444DC /* Info.plist */ = {isa = PBXFileReference; lastKnownFileType = text.plist.xml; path = Info.plist; sourceTree = "<group>"; };
		8D0615CA1ED6CF70006444DC /* Sample.xml */ = {isa = PBXFileReference; fileEncoding = 4; lastKnownFileType = text.xml; path = Sample.xml; sourceTree = "<group>"; };
		8DC0C2451ECEFA6E00ED0BE0 /* VideoView.swift */ = {isa = PBXFileReference; fileEncoding = 4; lastKnownFileType = sourcecode.swift; path = VideoView.swift; sourceTree = "<group>"; };
		A98AF9D013AF4E39920D7238 /* LICENSE */ = {isa = PBXFileReference; includeInIndex = 1; lastKnownFileType = text; name = LICENSE; path = ../LICENSE; sourceTree = "<group>"; };
		B8B1D4E86E375EC529E999EB /* ViscoveryADSDK.podspec */ = {isa = PBXFileReference; includeInIndex = 1; lastKnownFileType = text; name = ViscoveryADSDK.podspec; path = ../ViscoveryADSDK.podspec; sourceTree = "<group>"; };
		B9BD53FC69E8059A48572CD9 /* Pods_ViscoveryADSDKTests.framework */ = {isa = PBXFileReference; explicitFileType = wrapper.framework; includeInIndex = 0; path = Pods_ViscoveryADSDKTests.framework; sourceTree = BUILT_PRODUCTS_DIR; };
		C35A4279930511A9FFAA3E58 /* Pods-ViscoveryADSDK_Tests.debug.xcconfig */ = {isa = PBXFileReference; includeInIndex = 1; lastKnownFileType = text.xcconfig; name = "Pods-ViscoveryADSDK_Tests.debug.xcconfig"; path = "Pods/Target Support Files/Pods-ViscoveryADSDK_Tests/Pods-ViscoveryADSDK_Tests.debug.xcconfig"; sourceTree = "<group>"; };
		C58539FC0C5CA6A5693B1E5A /* Pods-ViscoveryADSDK_Example.debug.xcconfig */ = {isa = PBXFileReference; includeInIndex = 1; lastKnownFileType = text.xcconfig; name = "Pods-ViscoveryADSDK_Example.debug.xcconfig"; path = "Pods/Target Support Files/Pods-ViscoveryADSDK_Example/Pods-ViscoveryADSDK_Example.debug.xcconfig"; sourceTree = "<group>"; };
		F0DE251ECC2E6BCE24B7B0EC /* Pods-ViscoveryADSDK_Tests.release.xcconfig */ = {isa = PBXFileReference; includeInIndex = 1; lastKnownFileType = text.xcconfig; name = "Pods-ViscoveryADSDK_Tests.release.xcconfig"; path = "Pods/Target Support Files/Pods-ViscoveryADSDK_Tests/Pods-ViscoveryADSDK_Tests.release.xcconfig"; sourceTree = "<group>"; };
		F22303BFA133D3A99799294C /* Pods_ViscoveryADSDK_Tests.framework */ = {isa = PBXFileReference; explicitFileType = wrapper.framework; includeInIndex = 0; path = Pods_ViscoveryADSDK_Tests.framework; sourceTree = BUILT_PRODUCTS_DIR; };
/* End PBXFileReference section */

/* Begin PBXFrameworksBuildPhase section */
		607FACCD1AFB9204008FA782 /* Frameworks */ = {
			isa = PBXFrameworksBuildPhase;
			buildActionMask = 2147483647;
			files = (
				EFFF3F21EB70B6832EF4557D /* Pods_ViscoveryADSDK_Example.framework in Frameworks */,
			);
			runOnlyForDeploymentPostprocessing = 0;
		};
		8D0615BD1ED6CEEB006444DC /* Frameworks */ = {
			isa = PBXFrameworksBuildPhase;
			buildActionMask = 2147483647;
			files = (
				74C5958F8B641FD5F0A4DA83 /* Pods_ViscoveryADSDKTests.framework in Frameworks */,
			);
			runOnlyForDeploymentPostprocessing = 0;
		};
/* End PBXFrameworksBuildPhase section */

/* Begin PBXGroup section */
		607FACC71AFB9204008FA782 = {
			isa = PBXGroup;
			children = (
				607FACF51AFB993E008FA782 /* Podspec Metadata */,
				607FACD21AFB9204008FA782 /* Example for ViscoveryADSDK */,
				607FACE81AFB9204008FA782 /* Tests */,
				8D0615C11ED6CEEB006444DC /* ViscoveryADSDKTests */,
				607FACD11AFB9204008FA782 /* Products */,
				F0186903C72FF8CA1AFA68A7 /* Pods */,
				F688E2610A67362DAF3EBCDF /* Frameworks */,
			);
			sourceTree = "<group>";
		};
		607FACD11AFB9204008FA782 /* Products */ = {
			isa = PBXGroup;
			children = (
				607FACD01AFB9204008FA782 /* ViscoveryADSDK_Example.app */,
				8D0615C01ED6CEEB006444DC /* ViscoveryADSDKTests.xctest */,
			);
			name = Products;
			sourceTree = "<group>";
		};
		607FACD21AFB9204008FA782 /* Example for ViscoveryADSDK */ = {
			isa = PBXGroup;
			children = (
				607FACD51AFB9204008FA782 /* AppDelegate.swift */,
				607FACD71AFB9204008FA782 /* ViewController.swift */,
				8DC0C2451ECEFA6E00ED0BE0 /* VideoView.swift */,
				607FACD91AFB9204008FA782 /* Main.storyboard */,
				607FACDC1AFB9204008FA782 /* Images.xcassets */,
				607FACDE1AFB9204008FA782 /* LaunchScreen.xib */,
				607FACD31AFB9204008FA782 /* Supporting Files */,
			);
			name = "Example for ViscoveryADSDK";
			path = ViscoveryADSDK;
			sourceTree = "<group>";
		};
		607FACD31AFB9204008FA782 /* Supporting Files */ = {
			isa = PBXGroup;
			children = (
				607FACD41AFB9204008FA782 /* Info.plist */,
			);
			name = "Supporting Files";
			sourceTree = "<group>";
		};
		607FACE81AFB9204008FA782 /* Tests */ = {
			isa = PBXGroup;
			children = (
				607FACE91AFB9204008FA782 /* Supporting Files */,
				8D0615B91ED6CE0D006444DC /* Tests.swift */,
			);
			path = Tests;
			sourceTree = "<group>";
		};
		607FACE91AFB9204008FA782 /* Supporting Files */ = {
			isa = PBXGroup;
			children = (
				607FACEA1AFB9204008FA782 /* Info.plist */,
			);
			name = "Supporting Files";
			sourceTree = "<group>";
		};
		607FACF51AFB993E008FA782 /* Podspec Metadata */ = {
			isa = PBXGroup;
			children = (
				B8B1D4E86E375EC529E999EB /* ViscoveryADSDK.podspec */,
				3C90242318A3BB136315CEF4 /* README.md */,
				A98AF9D013AF4E39920D7238 /* LICENSE */,
			);
			name = "Podspec Metadata";
			sourceTree = "<group>";
		};
		8D0615C11ED6CEEB006444DC /* ViscoveryADSDKTests */ = {
			isa = PBXGroup;
			children = (
				8D0615C21ED6CEEB006444DC /* ViscoveryADSDKTests.swift */,
				8D0615CA1ED6CF70006444DC /* Sample.xml */,
				8D0615C41ED6CEEB006444DC /* Info.plist */,
			);
			path = ViscoveryADSDKTests;
			sourceTree = "<group>";
		};
		F0186903C72FF8CA1AFA68A7 /* Pods */ = {
			isa = PBXGroup;
			children = (
				C58539FC0C5CA6A5693B1E5A /* Pods-ViscoveryADSDK_Example.debug.xcconfig */,
				2F2385FED0B6C245A610C7A8 /* Pods-ViscoveryADSDK_Example.release.xcconfig */,
				C35A4279930511A9FFAA3E58 /* Pods-ViscoveryADSDK_Tests.debug.xcconfig */,
				F0DE251ECC2E6BCE24B7B0EC /* Pods-ViscoveryADSDK_Tests.release.xcconfig */,
				5E2F4B4FB8486F4440FD115D /* Pods-ViscoveryADSDKTests.debug.xcconfig */,
				038BE0E1BCBA357ED9964B8F /* Pods-ViscoveryADSDKTests.release.xcconfig */,
			);
			name = Pods;
			sourceTree = "<group>";
		};
		F688E2610A67362DAF3EBCDF /* Frameworks */ = {
			isa = PBXGroup;
			children = (
				6B82532E0B417467F6E6C841 /* Pods_ViscoveryADSDK_Example.framework */,
				F22303BFA133D3A99799294C /* Pods_ViscoveryADSDK_Tests.framework */,
				B9BD53FC69E8059A48572CD9 /* Pods_ViscoveryADSDKTests.framework */,
			);
			name = Frameworks;
			sourceTree = "<group>";
		};
/* End PBXGroup section */

/* Begin PBXNativeTarget section */
		607FACCF1AFB9204008FA782 /* ViscoveryADSDK_Example */ = {
			isa = PBXNativeTarget;
			buildConfigurationList = 607FACEF1AFB9204008FA782 /* Build configuration list for PBXNativeTarget "ViscoveryADSDK_Example" */;
			buildPhases = (
				0A6F5663D50ABE1D835AAB2B /* [CP] Check Pods Manifest.lock */,
				607FACCC1AFB9204008FA782 /* Sources */,
				607FACCD1AFB9204008FA782 /* Frameworks */,
				607FACCE1AFB9204008FA782 /* Resources */,
				71ACC03FF81336574B42F608 /* [CP] Embed Pods Frameworks */,
				AC6D4AE1AA359401F5DA93FD /* [CP] Copy Pods Resources */,
			);
			buildRules = (
			);
			dependencies = (
			);
			name = ViscoveryADSDK_Example;
			productName = ViscoveryADSDK;
			productReference = 607FACD01AFB9204008FA782 /* ViscoveryADSDK_Example.app */;
			productType = "com.apple.product-type.application";
		};
		8D0615BF1ED6CEEB006444DC /* ViscoveryADSDKTests */ = {
			isa = PBXNativeTarget;
			buildConfigurationList = 8D0615C71ED6CEEB006444DC /* Build configuration list for PBXNativeTarget "ViscoveryADSDKTests" */;
			buildPhases = (
				B21CD63CF79C112A17A05532 /* [CP] Check Pods Manifest.lock */,
				8D0615BC1ED6CEEB006444DC /* Sources */,
				8D0615BD1ED6CEEB006444DC /* Frameworks */,
				8D0615BE1ED6CEEB006444DC /* Resources */,
				F66866AC28E28BF5E18EC341 /* [CP] Embed Pods Frameworks */,
				6D1719BA87B001ED45057A95 /* [CP] Copy Pods Resources */,
			);
			buildRules = (
			);
			dependencies = (
				8D0615C61ED6CEEB006444DC /* PBXTargetDependency */,
			);
			name = ViscoveryADSDKTests;
			productName = ViscoveryADSDKTests;
			productReference = 8D0615C01ED6CEEB006444DC /* ViscoveryADSDKTests.xctest */;
			productType = "com.apple.product-type.bundle.unit-test";
		};
/* End PBXNativeTarget section */

/* Begin PBXProject section */
		607FACC81AFB9204008FA782 /* Project object */ = {
			isa = PBXProject;
			attributes = {
				LastSwiftUpdateCheck = 0830;
				LastUpgradeCheck = 0820;
				ORGANIZATIONNAME = CocoaPods;
				TargetAttributes = {
					607FACCF1AFB9204008FA782 = {
						CreatedOnToolsVersion = 6.3.1;
						DevelopmentTeam = LUE595HJUQ;
						LastSwiftMigration = 0820;
					};
					8D0615BF1ED6CEEB006444DC = {
						CreatedOnToolsVersion = 8.3.2;
						DevelopmentTeam = LUE595HJUQ;
						ProvisioningStyle = Automatic;
						TestTargetID = 607FACCF1AFB9204008FA782;
					};
				};
			};
			buildConfigurationList = 607FACCB1AFB9204008FA782 /* Build configuration list for PBXProject "ViscoveryADSDK" */;
			compatibilityVersion = "Xcode 3.2";
			developmentRegion = English;
			hasScannedForEncodings = 0;
			knownRegions = (
				en,
				Base,
			);
			mainGroup = 607FACC71AFB9204008FA782;
			productRefGroup = 607FACD11AFB9204008FA782 /* Products */;
			projectDirPath = "";
			projectRoot = "";
			targets = (
				607FACCF1AFB9204008FA782 /* ViscoveryADSDK_Example */,
				8D0615BF1ED6CEEB006444DC /* ViscoveryADSDKTests */,
			);
		};
/* End PBXProject section */

/* Begin PBXResourcesBuildPhase section */
		607FACCE1AFB9204008FA782 /* Resources */ = {
			isa = PBXResourcesBuildPhase;
			buildActionMask = 2147483647;
			files = (
				607FACDB1AFB9204008FA782 /* Main.storyboard in Resources */,
				607FACE01AFB9204008FA782 /* LaunchScreen.xib in Resources */,
				607FACDD1AFB9204008FA782 /* Images.xcassets in Resources */,
			);
			runOnlyForDeploymentPostprocessing = 0;
		};
		8D0615BE1ED6CEEB006444DC /* Resources */ = {
			isa = PBXResourcesBuildPhase;
			buildActionMask = 2147483647;
			files = (
				8D0615CB1ED6CF70006444DC /* Sample.xml in Resources */,
			);
			runOnlyForDeploymentPostprocessing = 0;
		};
/* End PBXResourcesBuildPhase section */

/* Begin PBXShellScriptBuildPhase section */
		0A6F5663D50ABE1D835AAB2B /* [CP] Check Pods Manifest.lock */ = {
			isa = PBXShellScriptBuildPhase;
			buildActionMask = 2147483647;
			files = (
			);
			inputPaths = (
			);
			name = "[CP] Check Pods Manifest.lock";
			outputPaths = (
			);
			runOnlyForDeploymentPostprocessing = 0;
			shellPath = /bin/sh;
			shellScript = "diff \"${PODS_ROOT}/../Podfile.lock\" \"${PODS_ROOT}/Manifest.lock\" > /dev/null\nif [ $? != 0 ] ; then\n    # print error to STDERR\n    echo \"error: The sandbox is not in sync with the Podfile.lock. Run 'pod install' or update your CocoaPods installation.\" >&2\n    exit 1\nfi\n";
			showEnvVarsInLog = 0;
		};
		6D1719BA87B001ED45057A95 /* [CP] Copy Pods Resources */ = {
			isa = PBXShellScriptBuildPhase;
			buildActionMask = 2147483647;
			files = (
			);
			inputPaths = (
			);
			name = "[CP] Copy Pods Resources";
			outputPaths = (
			);
			runOnlyForDeploymentPostprocessing = 0;
			shellPath = /bin/sh;
			shellScript = "\"${SRCROOT}/Pods/Target Support Files/Pods-ViscoveryADSDKTests/Pods-ViscoveryADSDKTests-resources.sh\"\n";
			showEnvVarsInLog = 0;
		};
		71ACC03FF81336574B42F608 /* [CP] Embed Pods Frameworks */ = {
			isa = PBXShellScriptBuildPhase;
			buildActionMask = 2147483647;
			files = (
			);
			inputPaths = (
			);
			name = "[CP] Embed Pods Frameworks";
			outputPaths = (
			);
			runOnlyForDeploymentPostprocessing = 0;
			shellPath = /bin/sh;
			shellScript = "\"${SRCROOT}/Pods/Target Support Files/Pods-ViscoveryADSDK_Example/Pods-ViscoveryADSDK_Example-frameworks.sh\"\n";
			showEnvVarsInLog = 0;
		};
		AC6D4AE1AA359401F5DA93FD /* [CP] Copy Pods Resources */ = {
			isa = PBXShellScriptBuildPhase;
			buildActionMask = 2147483647;
			files = (
			);
			inputPaths = (
			);
			name = "[CP] Copy Pods Resources";
			outputPaths = (
			);
			runOnlyForDeploymentPostprocessing = 0;
			shellPath = /bin/sh;
			shellScript = "\"${SRCROOT}/Pods/Target Support Files/Pods-ViscoveryADSDK_Example/Pods-ViscoveryADSDK_Example-resources.sh\"\n";
			showEnvVarsInLog = 0;
		};
		B21CD63CF79C112A17A05532 /* [CP] Check Pods Manifest.lock */ = {
			isa = PBXShellScriptBuildPhase;
			buildActionMask = 2147483647;
			files = (
			);
			inputPaths = (
			);
			name = "[CP] Check Pods Manifest.lock";
			outputPaths = (
			);
			runOnlyForDeploymentPostprocessing = 0;
			shellPath = /bin/sh;
			shellScript = "diff \"${PODS_ROOT}/../Podfile.lock\" \"${PODS_ROOT}/Manifest.lock\" > /dev/null\nif [ $? != 0 ] ; then\n    # print error to STDERR\n    echo \"error: The sandbox is not in sync with the Podfile.lock. Run 'pod install' or update your CocoaPods installation.\" >&2\n    exit 1\nfi\n";
			showEnvVarsInLog = 0;
		};
		F66866AC28E28BF5E18EC341 /* [CP] Embed Pods Frameworks */ = {
			isa = PBXShellScriptBuildPhase;
			buildActionMask = 2147483647;
			files = (
			);
			inputPaths = (
			);
			name = "[CP] Embed Pods Frameworks";
			outputPaths = (
			);
			runOnlyForDeploymentPostprocessing = 0;
			shellPath = /bin/sh;
			shellScript = "\"${SRCROOT}/Pods/Target Support Files/Pods-ViscoveryADSDKTests/Pods-ViscoveryADSDKTests-frameworks.sh\"\n";
			showEnvVarsInLog = 0;
		};
/* End PBXShellScriptBuildPhase section */

/* Begin PBXSourcesBuildPhase section */
		607FACCC1AFB9204008FA782 /* Sources */ = {
			isa = PBXSourcesBuildPhase;
			buildActionMask = 2147483647;
			files = (
				8DC0C2461ECEFA6E00ED0BE0 /* VideoView.swift in Sources */,
				8D0615BA1ED6CE0D006444DC /* Tests.swift in Sources */,
				607FACD81AFB9204008FA782 /* ViewController.swift in Sources */,
				607FACD61AFB9204008FA782 /* AppDelegate.swift in Sources */,
			);
			runOnlyForDeploymentPostprocessing = 0;
		};
		8D0615BC1ED6CEEB006444DC /* Sources */ = {
			isa = PBXSourcesBuildPhase;
			buildActionMask = 2147483647;
			files = (
				8D0615C31ED6CEEB006444DC /* ViscoveryADSDKTests.swift in Sources */,
			);
			runOnlyForDeploymentPostprocessing = 0;
		};
/* End PBXSourcesBuildPhase section */

/* Begin PBXTargetDependency section */
		8D0615C61ED6CEEB006444DC /* PBXTargetDependency */ = {
			isa = PBXTargetDependency;
			target = 607FACCF1AFB9204008FA782 /* ViscoveryADSDK_Example */;
			targetProxy = 8D0615C51ED6CEEB006444DC /* PBXContainerItemProxy */;
		};
/* End PBXTargetDependency section */

/* Begin PBXVariantGroup section */
		607FACD91AFB9204008FA782 /* Main.storyboard */ = {
			isa = PBXVariantGroup;
			children = (
				607FACDA1AFB9204008FA782 /* Base */,
			);
			name = Main.storyboard;
			sourceTree = "<group>";
		};
		607FACDE1AFB9204008FA782 /* LaunchScreen.xib */ = {
			isa = PBXVariantGroup;
			children = (
				607FACDF1AFB9204008FA782 /* Base */,
			);
			name = LaunchScreen.xib;
			sourceTree = "<group>";
		};
/* End PBXVariantGroup section */

/* Begin XCBuildConfiguration section */
		607FACED1AFB9204008FA782 /* Debug */ = {
			isa = XCBuildConfiguration;
			buildSettings = {
				ALWAYS_SEARCH_USER_PATHS = NO;
				CLANG_CXX_LANGUAGE_STANDARD = "gnu++0x";
				CLANG_CXX_LIBRARY = "libc++";
				CLANG_ENABLE_MODULES = YES;
				CLANG_ENABLE_OBJC_ARC = YES;
				CLANG_WARN_BOOL_CONVERSION = YES;
				CLANG_WARN_CONSTANT_CONVERSION = YES;
				CLANG_WARN_DIRECT_OBJC_ISA_USAGE = YES_ERROR;
				CLANG_WARN_EMPTY_BODY = YES;
				CLANG_WARN_ENUM_CONVERSION = YES;
				CLANG_WARN_INFINITE_RECURSION = YES;
				CLANG_WARN_INT_CONVERSION = YES;
				CLANG_WARN_OBJC_ROOT_CLASS = YES_ERROR;
				CLANG_WARN_SUSPICIOUS_MOVE = YES;
				CLANG_WARN_UNREACHABLE_CODE = YES;
				CLANG_WARN__DUPLICATE_METHOD_MATCH = YES;
				"CODE_SIGN_IDENTITY[sdk=iphoneos*]" = "iPhone Developer";
				COPY_PHASE_STRIP = NO;
				DEBUG_INFORMATION_FORMAT = "dwarf-with-dsym";
				ENABLE_STRICT_OBJC_MSGSEND = YES;
				ENABLE_TESTABILITY = YES;
				GCC_C_LANGUAGE_STANDARD = gnu99;
				GCC_DYNAMIC_NO_PIC = NO;
				GCC_NO_COMMON_BLOCKS = YES;
				GCC_OPTIMIZATION_LEVEL = 0;
				GCC_PREPROCESSOR_DEFINITIONS = (
					"DEBUG=1",
					"$(inherited)",
				);
				GCC_SYMBOLS_PRIVATE_EXTERN = NO;
				GCC_WARN_64_TO_32_BIT_CONVERSION = YES;
				GCC_WARN_ABOUT_RETURN_TYPE = YES_ERROR;
				GCC_WARN_UNDECLARED_SELECTOR = YES;
				GCC_WARN_UNINITIALIZED_AUTOS = YES_AGGRESSIVE;
				GCC_WARN_UNUSED_FUNCTION = YES;
				GCC_WARN_UNUSED_VARIABLE = YES;
				IPHONEOS_DEPLOYMENT_TARGET = 8.3;
				MTL_ENABLE_DEBUG_INFO = YES;
				ONLY_ACTIVE_ARCH = YES;
				SDKROOT = iphoneos;
				SWIFT_OPTIMIZATION_LEVEL = "-Onone";
			};
			name = Debug;
		};
		607FACEE1AFB9204008FA782 /* Release */ = {
			isa = XCBuildConfiguration;
			buildSettings = {
				ALWAYS_SEARCH_USER_PATHS = NO;
				CLANG_CXX_LANGUAGE_STANDARD = "gnu++0x";
				CLANG_CXX_LIBRARY = "libc++";
				CLANG_ENABLE_MODULES = YES;
				CLANG_ENABLE_OBJC_ARC = YES;
				CLANG_WARN_BOOL_CONVERSION = YES;
				CLANG_WARN_CONSTANT_CONVERSION = YES;
				CLANG_WARN_DIRECT_OBJC_ISA_USAGE = YES_ERROR;
				CLANG_WARN_EMPTY_BODY = YES;
				CLANG_WARN_ENUM_CONVERSION = YES;
				CLANG_WARN_INFINITE_RECURSION = YES;
				CLANG_WARN_INT_CONVERSION = YES;
				CLANG_WARN_OBJC_ROOT_CLASS = YES_ERROR;
				CLANG_WARN_SUSPICIOUS_MOVE = YES;
				CLANG_WARN_UNREACHABLE_CODE = YES;
				CLANG_WARN__DUPLICATE_METHOD_MATCH = YES;
				"CODE_SIGN_IDENTITY[sdk=iphoneos*]" = "iPhone Developer";
				COPY_PHASE_STRIP = NO;
				DEBUG_INFORMATION_FORMAT = "dwarf-with-dsym";
				ENABLE_NS_ASSERTIONS = NO;
				ENABLE_STRICT_OBJC_MSGSEND = YES;
				GCC_C_LANGUAGE_STANDARD = gnu99;
				GCC_NO_COMMON_BLOCKS = YES;
				GCC_WARN_64_TO_32_BIT_CONVERSION = YES;
				GCC_WARN_ABOUT_RETURN_TYPE = YES_ERROR;
				GCC_WARN_UNDECLARED_SELECTOR = YES;
				GCC_WARN_UNINITIALIZED_AUTOS = YES_AGGRESSIVE;
				GCC_WARN_UNUSED_FUNCTION = YES;
				GCC_WARN_UNUSED_VARIABLE = YES;
				IPHONEOS_DEPLOYMENT_TARGET = 8.3;
				MTL_ENABLE_DEBUG_INFO = NO;
				SDKROOT = iphoneos;
				SWIFT_OPTIMIZATION_LEVEL = "-Owholemodule";
				VALIDATE_PRODUCT = YES;
			};
			name = Release;
		};
		607FACF01AFB9204008FA782 /* Debug */ = {
			isa = XCBuildConfiguration;
			baseConfigurationReference = C58539FC0C5CA6A5693B1E5A /* Pods-ViscoveryADSDK_Example.debug.xcconfig */;
			buildSettings = {
				ASSETCATALOG_COMPILER_APPICON_NAME = AppIcon;
				DEVELOPMENT_TEAM = LUE595HJUQ;
				INFOPLIST_FILE = ViscoveryADSDK/Info.plist;
				IPHONEOS_DEPLOYMENT_TARGET = 9.0;
				LD_RUNPATH_SEARCH_PATHS = "$(inherited) @executable_path/Frameworks";
				MODULE_NAME = ExampleApp;
				PRODUCT_BUNDLE_IDENTIFIER = viscovery.demo.vidsense;
				PRODUCT_NAME = "$(TARGET_NAME)";
				SWIFT_VERSION = 3.0;
			};
			name = Debug;
		};
		607FACF11AFB9204008FA782 /* Release */ = {
			isa = XCBuildConfiguration;
			baseConfigurationReference = 2F2385FED0B6C245A610C7A8 /* Pods-ViscoveryADSDK_Example.release.xcconfig */;
			buildSettings = {
				ASSETCATALOG_COMPILER_APPICON_NAME = AppIcon;
				DEVELOPMENT_TEAM = LUE595HJUQ;
				INFOPLIST_FILE = ViscoveryADSDK/Info.plist;
				IPHONEOS_DEPLOYMENT_TARGET = 9.0;
				LD_RUNPATH_SEARCH_PATHS = "$(inherited) @executable_path/Frameworks";
				MODULE_NAME = ExampleApp;
				PRODUCT_BUNDLE_IDENTIFIER = viscovery.demo.vidsense;
				PRODUCT_NAME = "$(TARGET_NAME)";
				SWIFT_VERSION = 3.0;
			};
			name = Release;
		};
		8D0615C81ED6CEEB006444DC /* Debug */ = {
			isa = XCBuildConfiguration;
			baseConfigurationReference = 5E2F4B4FB8486F4440FD115D /* Pods-ViscoveryADSDKTests.debug.xcconfig */;
			buildSettings = {
				BUNDLE_LOADER = "$(TEST_HOST)";
				CLANG_ANALYZER_NONNULL = YES;
				CLANG_ANALYZER_NUMBER_OBJECT_CONVERSION = YES_AGGRESSIVE;
				CLANG_WARN_DOCUMENTATION_COMMENTS = YES;
				DEBUG_INFORMATION_FORMAT = dwarf;
				DEVELOPMENT_TEAM = LUE595HJUQ;
				INFOPLIST_FILE = ViscoveryADSDKTests/Info.plist;
				IPHONEOS_DEPLOYMENT_TARGET = 10.2;
				LD_RUNPATH_SEARCH_PATHS = "$(inherited) @executable_path/Frameworks @loader_path/Frameworks";
				PRODUCT_BUNDLE_IDENTIFIER = viscovery.ViscoveryADSDKTests;
				PRODUCT_NAME = "$(TARGET_NAME)";
				SWIFT_ACTIVE_COMPILATION_CONDITIONS = DEBUG;
				SWIFT_VERSION = 3.0;
				TEST_HOST = "$(BUILT_PRODUCTS_DIR)/ViscoveryADSDK_Example.app/ViscoveryADSDK_Example";
			};
			name = Debug;
		};
		8D0615C91ED6CEEB006444DC /* Release */ = {
			isa = XCBuildConfiguration;
			baseConfigurationReference = 038BE0E1BCBA357ED9964B8F /* Pods-ViscoveryADSDKTests.release.xcconfig */;
			buildSettings = {
				BUNDLE_LOADER = "$(TEST_HOST)";
				CLANG_ANALYZER_NONNULL = YES;
				CLANG_ANALYZER_NUMBER_OBJECT_CONVERSION = YES_AGGRESSIVE;
				CLANG_WARN_DOCUMENTATION_COMMENTS = YES;
				DEVELOPMENT_TEAM = LUE595HJUQ;
				INFOPLIST_FILE = ViscoveryADSDKTests/Info.plist;
				IPHONEOS_DEPLOYMENT_TARGET = 10.2;
				LD_RUNPATH_SEARCH_PATHS = "$(inherited) @executable_path/Frameworks @loader_path/Frameworks";
				PRODUCT_BUNDLE_IDENTIFIER = viscovery.ViscoveryADSDKTests;
				PRODUCT_NAME = "$(TARGET_NAME)";
				SWIFT_VERSION = 3.0;
				TEST_HOST = "$(BUILT_PRODUCTS_DIR)/ViscoveryADSDK_Example.app/ViscoveryADSDK_Example";
			};
			name = Release;
		};
/* End XCBuildConfiguration section */

/* Begin XCConfigurationList section */
		607FACCB1AFB9204008FA782 /* Build configuration list for PBXProject "ViscoveryADSDK" */ = {
			isa = XCConfigurationList;
			buildConfigurations = (
				607FACED1AFB9204008FA782 /* Debug */,
				607FACEE1AFB9204008FA782 /* Release */,
			);
			defaultConfigurationIsVisible = 0;
			defaultConfigurationName = Release;
		};
		607FACEF1AFB9204008FA782 /* Build configuration list for PBXNativeTarget "ViscoveryADSDK_Example" */ = {
			isa = XCConfigurationList;
			buildConfigurations = (
				607FACF01AFB9204008FA782 /* Debug */,
				607FACF11AFB9204008FA782 /* Release */,
			);
			defaultConfigurationIsVisible = 0;
			defaultConfigurationName = Release;
		};
		8D0615C71ED6CEEB006444DC /* Build configuration list for PBXNativeTarget "ViscoveryADSDKTests" */ = {
			isa = XCConfigurationList;
			buildConfigurations = (
				8D0615C81ED6CEEB006444DC /* Debug */,
				8D0615C91ED6CEEB006444DC /* Release */,
			);
			defaultConfigurationIsVisible = 0;
			defaultConfigurationName = Release;
		};
/* End XCConfigurationList section */
	};
	rootObject = 607FACC81AFB9204008FA782 /* Project object */;
}
